
Microsoft Visual Studio Solution File, Format Version 12.00
# Visual Studio Version 17
VisualStudioVersion = 17.8.34525.116
MinimumVisualStudioVersion = 10.0.40219.1
Project("{FAE04EC0-301F-11D3-BF4B-00C04F79EFBC}") = "MonopolyTask", "MonopolyTask.csproj", "{9FFFE664-F4E8-4243-85E3-F8A9BD476C48}"
EndProject
Global
	GlobalSection(SolutionConfigurationPlatforms) = preSolution
		Debug|Any CPU = Debug|Any CPU
		Release|Any CPU = Release|Any CPU
	EndGlobalSection
	GlobalSection(ProjectConfigurationPlatforms) = postSolution
		{9FFFE664-F4E8-4243-85E3-F8A9BD476C48}.Debug|Any CPU.ActiveCfg = Debug|Any CPU
		{9FFFE664-F4E8-4243-85E3-F8A9BD476C48}.Debug|Any CPU.Build.0 = Debug|Any CPU
		{9FFFE664-F4E8-4243-85E3-F8A9BD476C48}.Release|Any CPU.ActiveCfg = Release|Any CPU
		{9FFFE664-F4E8-4243-85E3-F8A9BD476C48}.Release|Any CPU.Build.0 = Release|Any CPU
	EndGlobalSection
	GlobalSection(SolutionProperties) = preSolution
		HideSolutionNode = FALSE
	EndGlobalSection
	GlobalSection(ExtensibilityGlobals) = postSolution
		SolutionGuid = {5894A45B-8FD8-493D-9CCA-42D8F3FE186C}
	EndGlobalSection
EndGlobal
